{
  "originHash" : "ccaeff4a1c048313b29748f815a32af2a3cf72e9679342fb3e3bdf66ae039bf0",
  "pins" : [
    {
      "identity" : "swiftui-introspect",
      "kind" : "remoteSourceControl",
      "location" : "https://github.com/siteline/swiftui-introspect.git",
      "state" : {
        "revision" : "c2b0625d0ef385994e4c6bc36116c0e7bfa6dafa",
        "version" : "1.4.0-beta.2"
      }
    }
  ],
  "version" : 3
}
