{
  "originHash" : "ccaeff4a1c048313b29748f815a32af2a3cf72e9679342fb3e3bdf66ae039bf0",
  "pins" : [
    {
      "identity" : "swiftui-introspect",
      "kind" : "remoteSourceControl",
      "location" : "https://github.com/siteline/swiftui-introspect.git",
      "state" : {
        "revision" : "c2e7312cd130e7ba0bf7ca2cd85ef5358f3b9c5e"
      }
    }
  ],
  "version" : 3
}
